{
  "nodes": {
    "cargo2nix": {
      "flake": false,
      "locked": {
        "lastModified": 1617941001,
        "narHash": "sha256-g1dDgZqC76JU1yJ5fbjhj3LVbTACgnf6amPuFYqFCbY=",
        "owner": "cargo2nix",
        "repo": "cargo2nix",
        "rev": "14da69bbe13c61f809fe9e0d979cdd8bf6563fcf",
        "type": "github"
      },
      "original": {
        "owner": "cargo2nix",
        "repo": "cargo2nix",
        "type": "github"
      }
    },
    "flake-utils": {
      "locked": {
        "lastModified": 1614513358,
        "narHash": "sha256-LakhOx3S1dRjnh0b5Dg3mbZyH0ToC9I8Y2wKSkBaTzU=",
        "owner": "numtide",
        "repo": "flake-utils",
        "rev": "5466c5bbece17adaab2d82fae80b46e807611bf3",
        "type": "github"
      },
      "original": {
        "owner": "numtide",
        "repo": "flake-utils",
        "type": "github"
      }
    },
    "nixpkgs": {
      "locked": {
        "lastModified": 1620381554,
        "narHash": "sha256-ju8UcSZyY2/jLg4f0eSwb2NefCLBWeFQCem2tmaiKKc=",
        "owner": "NixOS",
        "repo": "nixpkgs",
        "rev": "eb4372d68fc3df484d4858ad8b0b59e09415c3b9",
        "type": "github"
      },
      "original": {
        "id": "nixpkgs",
        "type": "indirect"
      }
    },
    "nixpkgs_2": {
      "locked": {
        "lastModified": 1617325113,
        "narHash": "sha256-GksR0nvGxfZ79T91UUtWjjccxazv6Yh/MvEJ82v1Xmw=",
        "owner": "nixos",
        "repo": "nixpkgs",
        "rev": "54c1e44240d8a527a8f4892608c4bce5440c3ecb",
        "type": "github"
      },
      "original": {
        "owner": "NixOS",
        "repo": "nixpkgs",
        "type": "github"
      }
    },
    "root": {
      "inputs": {
        "cargo2nix": "cargo2nix",
        "nixpkgs": "nixpkgs",
        "rust-overlay": "rust-overlay",
        "solana-bin-src": "solana-bin-src",
        "solana-src": "solana-src"
      }
    },
    "rust-overlay": {
      "inputs": {
        "flake-utils": "flake-utils",
        "nixpkgs": "nixpkgs_2"
      },
      "locked": {
        "lastModified": 1620614925,
        "narHash": "sha256-ju70leih5XINXymlQMbj+tmQ6OwIbpIBt+8L0IAd8kQ=",
        "owner": "oxalica",
        "repo": "rust-overlay",
        "rev": "7ad612694103fa3a3e6d06bc3e7c1a0a62856e5f",
        "type": "github"
      },
      "original": {
        "owner": "oxalica",
        "repo": "rust-overlay",
        "type": "github"
      }
    },
    "solana-bin-src": {
      "flake": false,
      "locked": {
        "narHash": "sha256-JjzCQ6ZCYRHcQeF/bIGxdEFIqi5dkBPpBfy67cnM2lk=",
        "type": "tarball",
        "url": "https://github-releases.githubusercontent.com/121470383/6ace1d80-acd0-11eb-8e40-757cb703d85b?X-Amz-Algorithm=AWS4-HMAC-SHA256&X-Amz-Credential=AKIAIWNJYAX4CSVEH53A%2F20210507%2Fus-east-1%2Fs3%2Faws4_request&X-Amz-Date=20210507T100859Z&X-Amz-Expires=300&X-Amz-Signature=b85a07905c0310b48d03c103bb4ca1edbd28176646a484908c19c6855ae1d47b&X-Amz-SignedHeaders=host&actor_id=0&key_id=0&repo_id=121470383&response-content-disposition=attachment%3B%20filename%3Dsolana-release-x86_64-unknown-linux-gnu.tar.bz2&response-content-type=application%2Foctet-stream"
      },
      "original": {
        "type": "tarball",
        "url": "https://github.com/solana-labs/solana/releases/download/v1.6.7/solana-release-x86_64-unknown-linux-gnu.tar.bz2"
      }
    },
    "solana-src": {
      "flake": false,
      "locked": {
        "lastModified": 1620862588,
        "narHash": "sha256-h+FAdGo//xZbtuqozfqKpMF5PdPtA2Qbdq7DLcxP/5Y=",
        "owner": "drozdziak1",
        "repo": "solana",
        "rev": "49cfdb3802751891d40c26effe27a7911a64899a",
        "type": "github"
      },
      "original": {
        "owner": "drozdziak1",
        "ref": "relative-symlinks",
        "repo": "solana",
        "type": "github"
      }
    }
  },
  "root": "root",
  "version": 7
}
