{
  "nodes": {
    "nixpkgs": {
      "locked": {
        "lastModified": 1620381554,
        "narHash": "sha256-ju8UcSZyY2/jLg4f0eSwb2NefCLBWeFQCem2tmaiKKc=",
        "owner": "NixOS",
        "repo": "nixpkgs",
        "rev": "eb4372d68fc3df484d4858ad8b0b59e09415c3b9",
        "type": "github"
      },
      "original": {
        "id": "nixpkgs",
        "type": "indirect"
      }
    },
    "root": {
      "inputs": {
        "nixpkgs": "nixpkgs",
        "solana-bin-src": "solana-bin-src"
      }
    },
    "solana-bin-src": {
      "flake": false,
      "locked": {
        "narHash": "sha256-JjzCQ6ZCYRHcQeF/bIGxdEFIqi5dkBPpBfy67cnM2lk=",
        "type": "tarball",
        "url": "https://github-releases.githubusercontent.com/121470383/6ace1d80-acd0-11eb-8e40-757cb703d85b?X-Amz-Algorithm=AWS4-HMAC-SHA256&X-Amz-Credential=AKIAIWNJYAX4CSVEH53A%2F20210507%2Fus-east-1%2Fs3%2Faws4_request&X-Amz-Date=20210507T100859Z&X-Amz-Expires=300&X-Amz-Signature=b85a07905c0310b48d03c103bb4ca1edbd28176646a484908c19c6855ae1d47b&X-Amz-SignedHeaders=host&actor_id=0&key_id=0&repo_id=121470383&response-content-disposition=attachment%3B%20filename%3Dsolana-release-x86_64-unknown-linux-gnu.tar.bz2&response-content-type=application%2Foctet-stream"
      },
      "original": {
        "type": "tarball",
        "url": "https://github.com/solana-labs/solana/releases/download/v1.6.7/solana-release-x86_64-unknown-linux-gnu.tar.bz2"
      }
    }
  },
  "root": "root",
  "version": 7
}
